
Microsoft Visual Studio Solution File, Format Version 12.00
# Visual Studio 15
VisualStudioVersion = 15.0.27004.2010
MinimumVisualStudioVersion = 10.0.40219.1
Project("{FAE04EC0-301F-11D3-BF4B-00C04F79EFBC}") = "适配器模式", "适配器模式\适配器模式.csproj", "{D510832F-97EA-4BA8-826B-81746ECC46CF}"
EndProject
Project("{FAE04EC0-301F-11D3-BF4B-00C04F79EFBC}") = "ChainOfResponsibilityPattern", "ChainOfResponsibilityPattern\ChainOfResponsibilityPattern.csproj", "{B1A455BD-8C76-4DA8-8BB7-9B4D02FBC0AB}"
EndProject
Project("{FAE04EC0-301F-11D3-BF4B-00C04F79EFBC}") = "中介者模式", "中介者模式\中介者模式.csproj", "{EF477448-8FB5-47AC-8E90-A72EAF6E2812}"
EndProject
Global
	GlobalSection(SolutionConfigurationPlatforms) = preSolution
		Debug|Any CPU = Debug|Any CPU
		Release|Any CPU = Release|Any CPU
	EndGlobalSection
	GlobalSection(ProjectConfigurationPlatforms) = postSolution
		{D510832F-97EA-4BA8-826B-81746ECC46CF}.Debug|Any CPU.ActiveCfg = Debug|Any CPU
		{D510832F-97EA-4BA8-826B-81746ECC46CF}.Debug|Any CPU.Build.0 = Debug|Any CPU
		{D510832F-97EA-4BA8-826B-81746ECC46CF}.Release|Any CPU.ActiveCfg = Release|Any CPU
		{D510832F-97EA-4BA8-826B-81746ECC46CF}.Release|Any CPU.Build.0 = Release|Any CPU
		{B1A455BD-8C76-4DA8-8BB7-9B4D02FBC0AB}.Debug|Any CPU.ActiveCfg = Debug|Any CPU
		{B1A455BD-8C76-4DA8-8BB7-9B4D02FBC0AB}.Debug|Any CPU.Build.0 = Debug|Any CPU
		{B1A455BD-8C76-4DA8-8BB7-9B4D02FBC0AB}.Release|Any CPU.ActiveCfg = Release|Any CPU
		{B1A455BD-8C76-4DA8-8BB7-9B4D02FBC0AB}.Release|Any CPU.Build.0 = Release|Any CPU
		{EF477448-8FB5-47AC-8E90-A72EAF6E2812}.Debug|Any CPU.ActiveCfg = Debug|Any CPU
		{EF477448-8FB5-47AC-8E90-A72EAF6E2812}.Debug|Any CPU.Build.0 = Debug|Any CPU
		{EF477448-8FB5-47AC-8E90-A72EAF6E2812}.Release|Any CPU.ActiveCfg = Release|Any CPU
		{EF477448-8FB5-47AC-8E90-A72EAF6E2812}.Release|Any CPU.Build.0 = Release|Any CPU
	EndGlobalSection
	GlobalSection(SolutionProperties) = preSolution
		HideSolutionNode = FALSE
	EndGlobalSection
	GlobalSection(ExtensibilityGlobals) = postSolution
		SolutionGuid = {1EBB7256-3CFC-4A8E-90D1-B5E5131516E9}
	EndGlobalSection
EndGlobal
